
Microsoft Visual Studio Solution File, Format Version 12.00
# Visual Studio Version 17
VisualStudioVersion = 17.8.34330.188
MinimumVisualStudioVersion = 10.0.40219.1
Project("{FAE04EC0-301F-11D3-BF4B-00C04F79EFBC}") = "TareasMVC", "TareasMVC\TareasMVC.csproj", "{7C3A07EF-4411-4ECA-B8EE-A3D4A174C90B}"
EndProject
Global
	GlobalSection(SolutionConfigurationPlatforms) = preSolution
		Debug|Any CPU = Debug|Any CPU
		Release|Any CPU = Release|Any CPU
	EndGlobalSection
	GlobalSection(ProjectConfigurationPlatforms) = postSolution
		{7C3A07EF-4411-4ECA-B8EE-A3D4A174C90B}.Debug|Any CPU.ActiveCfg = Debug|Any CPU
		{7C3A07EF-4411-4ECA-B8EE-A3D4A174C90B}.Debug|Any CPU.Build.0 = Debug|Any CPU
		{7C3A07EF-4411-4ECA-B8EE-A3D4A174C90B}.Release|Any CPU.ActiveCfg = Release|Any CPU
		{7C3A07EF-4411-4ECA-B8EE-A3D4A174C90B}.Release|Any CPU.Build.0 = Release|Any CPU
	EndGlobalSection
	GlobalSection(SolutionProperties) = preSolution
		HideSolutionNode = FALSE
	EndGlobalSection
	GlobalSection(ExtensibilityGlobals) = postSolution
		SolutionGuid = {B200C073-4DAC-4FBB-9D90-876B3A00EF03}
	EndGlobalSection
EndGlobal
